{
    "_meta": {
        "hash": {
            "sha256": "6ba42d34beb34abebe5df809ca1dfd2af6bd4d1ff56b74d6fdc19bdff05bbc0b"
        },
        "pipfile-spec": 6,
        "requires": {
            "python_version": "3.7"
        },
        "sources": [
            {
                "name": "pypi",
                "url": "https://pypi.python.org/simple",
                "verify_ssl": true
            }
        ]
    },
    "default": {
        "luma.core": {
            "hashes": [
                "sha256:1501901f08c279abb9a5f1b76347955d6a15238c1e86e055aef96acd3e2e4215",
                "sha256:e1d0161e149d2c55a5b3eed1a968e7d6c5972945277faf7d82b33b90efb33c0d"
            ],
            "version": "==1.14.0"
        },
        "luma.oled": {
            "hashes": [
                "sha256:2ea2b535e7e2f056a51a8c54ad78aa1f00d5699fc439c01bc7c2902823889552",
                "sha256:4961fb426223e60d19e01f310f7633e721eb3b14933317ee137c46003c8ff8f4"
            ],
            "index": "pypi",
            "version": "==3.4.0"
        },
        "pillow": {
            "hashes": [
                "sha256:0295442429645fa16d05bd567ef5cff178482439c9aad0411d3f0ce9b88b3a6f",
                "sha256:06aba4169e78c439d528fdeb34762c3b61a70813527a2c57f0540541e9f433a8",
                "sha256:09d7f9e64289cb40c2c8d7ad674b2ed6105f55dc3b09aa8e4918e20a0311e7ad",
                "sha256:0a80dd307a5d8440b0a08bd7b81617e04d870e40a3e46a32d9c246e54705e86f",
                "sha256:1ca594126d3c4def54babee699c055a913efb01e106c309fa6b04405d474d5ae",
                "sha256:25930fadde8019f374400f7986e8404c8b781ce519da27792cbe46eabec00c4d",
                "sha256:431b15cffbf949e89df2f7b48528be18b78bfa5177cb3036284a5508159492b5",
                "sha256:52125833b070791fcb5710fabc640fc1df07d087fc0c0f02d3661f76c23c5b8b",
                "sha256:5e51ee2b8114def244384eda1c82b10e307ad9778dac5c83fb0943775a653cd8",
                "sha256:612cfda94e9c8346f239bf1a4b082fdd5c8143cf82d685ba2dba76e7adeeb233",
                "sha256:6d7741e65835716ceea0fd13a7d0192961212fd59e741a46bbed7a473c634ed6",
                "sha256:6edb5446f44d901e8683ffb25ebdfc26988ee813da3bf91e12252b57ac163727",
                "sha256:725aa6cfc66ce2857d585f06e9519a1cc0ef6d13f186ff3447ab6dff0a09bc7f",
                "sha256:8dad18b69f710bf3a001d2bf3afab7c432785d94fcf819c16b5207b1cfd17d38",
                "sha256:94cf49723928eb6070a892cb39d6c156f7b5a2db4e8971cb958f7b6b104fb4c4",
                "sha256:97f9e7953a77d5a70f49b9a48da7776dc51e9b738151b22dacf101641594a626",
                "sha256:9ad7f865eebde135d526bb3163d0b23ffff365cf87e767c649550964ad72785d",
                "sha256:a060cf8aa332052df2158e5a119303965be92c3da6f2d93b6878f0ebca80b2f6",
                "sha256:c79f9c5fb846285f943aafeafda3358992d64f0ef58566e23484132ecd8d7d63",
                "sha256:c92302a33138409e8f1ad16731568c55c9053eee71bb05b6b744067e1b62380f",
                "sha256:d08b23fdb388c0715990cbc06866db554e1822c4bdcf6d4166cf30ac82df8c41",
                "sha256:d350f0f2c2421e65fbc62690f26b59b0bcda1b614beb318c81e38647e0f673a1",
                "sha256:ec29604081f10f16a7aea809ad42e27764188fc258b02259a03a8ff7ded3808d",
                "sha256:edf31f1150778abd4322444c393ab9c7bd2af271dd4dafb4208fb613b1f3cdc9",
                "sha256:f7e30c27477dffc3e85c2463b3e649f751789e0f6c8456099eea7ddd53be4a8a",
                "sha256:ffe538682dc19cc542ae7c3e504fdf54ca7f86fb8a135e59dd6bc8627eae6cce"
            ],
            "version": "==7.2.0"
        },
        "pyftdi": {
            "hashes": [
                "sha256:02926258d5dfd28452a3d4d7c2f6d5bab722133b2885bde8b9e28bd2ccc095ca",
                "sha256:6cacb8fe28491ee6d00b8d45e18f73ea539b31bcd785f5d8c80a60322297c007"
            ],
            "version": "==0.51.2"
        },
        "pyserial": {
            "hashes": [
                "sha256:6e2d401fdee0eab996cf734e67773a0143b932772ca8b42451440cfed942c627",
                "sha256:e0770fadba80c31013896c7e6ef703f72e7834965954a78e71a3049488d4d7d8"
            ],
            "version": "==3.4"
        },
        "pyusb": {
            "hashes": [
                "sha256:4e9b72cc4a4205ca64fbf1f3fff39a335512166c151ad103e55c8223ac147362"
            ],
            "version": "==1.0.2"
        },
        "rpi.bme280": {
            "hashes": [
                "sha256:11c25e549b7f3ef2e41d463195e04994ef7add9e8ccd2616ccf58d322d783b9c",
                "sha256:1654a007a828373e083173d5e319475af8cb660a817acd78d0bc7c52ef0de9a5"
            ],
            "index": "pypi",
            "version": "==0.2.3"
        },
        "rpi.gpio": {
            "hashes": [
                "sha256:7424bc6c205466764f30f666c18187a0824077daf20b295c42f08aea2cb87d3f"
            ],
            "markers": "platform_system == 'Linux'",
            "version": "==0.7.0"
        },
        "smbus2": {
            "hashes": [
                "sha256:210e66eebe4d0b1fe836b3ec2751841942e1c4918c0b429b20a0e20a222228b4"
            ],
            "index": "pypi",
            "version": "==0.3.0"
        },
        "spidev": {
            "hashes": [
                "sha256:8a7f5c289f161ea2ac4697fa8a10918232c990678dd0053084b3c43b1363910d"
            ],
            "markers": "platform_system == 'Linux'",
            "version": "==3.5"
        }
    },
    "develop": {}
}
